Microsoft Visual Studio Solution File, Format Version 8.00
Project("{8BC9CEB8-8B4A-11D0-8D11-00A0C91BC942}") = "Sprite", "SPRITE.vcproj", "{A321A00E-6614-4111-823C-109919AAF614}"
	ProjectSection(ProjectDependencies) = postProject
	EndProjectSection
EndProject
Global
	GlobalSection(SolutionConfiguration) = preSolution
		Debug = Debug
		Release = Release
	EndGlobalSection
	GlobalSection(ProjectDependencies) = postSolution
	EndGlobalSection
	GlobalSection(ProjectConfiguration) = postSolution
		{A321A00E-6614-4111-823C-109919AAF614}.Debug.ActiveCfg = Debug|Win32
		{A321A00E-6614-4111-823C-109919AAF614}.Debug.Build.0 = Debug|Win32
		{A321A00E-6614-4111-823C-109919AAF614}.Release.ActiveCfg = Release|Win32
		{A321A00E-6614-4111-823C-109919AAF614}.Release.Build.0 = Release|Win32
	EndGlobalSection
	GlobalSection(ExtensibilityGlobals) = postSolution
	EndGlobalSection
	GlobalSection(ExtensibilityAddIns) = postSolution
	EndGlobalSection
EndGlobal
