Microsoft Visual Studio Solution File, Format Version 12.00
# Visual Studio Version 16
VisualStudioVersion = 16.0.29102.190
MinimumVisualStudioVersion = 10.0.40219.1
Project("{8BC9CEB8-8B4A-11D0-8D11-00A0C91BC942}") = "Hazel", "hazel.vcxproj", "{E12499F1-4D90-4E61-A205-DB3ADF11F5FC}"
EndProject
Project("{8BC9CEB8-8B4A-11D0-8D11-00A0C91BC942}") = "TestApplication", "TestApplication\TestApplication.vcxproj", "{07DE73D5-62A1-4581-A4E2-5945CFFD66A7}"
EndProject
Global
	GlobalSection(SolutionConfigurationPlatforms) = preSolution
		Debug|x86 = Debug|x86
		Release|x86 = Release|x86
		ReleaseWithLog|x86 = ReleaseWithLog|x86
	EndGlobalSection
	GlobalSection(ProjectConfigurationPlatforms) = postSolution
		{E12499F1-4D90-4E61-A205-DB3ADF11F5FC}.Debug|x86.ActiveCfg = Debug|Win32
		{E12499F1-4D90-4E61-A205-DB3ADF11F5FC}.Debug|x86.Build.0 = Debug|Win32
		{E12499F1-4D90-4E61-A205-DB3ADF11F5FC}.Release|x86.ActiveCfg = Release|Win32
		{E12499F1-4D90-4E61-A205-DB3ADF11F5FC}.Release|x86.Build.0 = Release|Win32
		{E12499F1-4D90-4E61-A205-DB3ADF11F5FC}.ReleaseWithLog|x86.ActiveCfg = ReleaseWithLog|Win32
		{E12499F1-4D90-4E61-A205-DB3ADF11F5FC}.ReleaseWithLog|x86.Build.0 = ReleaseWithLog|Win32
		{07DE73D5-62A1-4581-A4E2-5945CFFD66A7}.Debug|x86.ActiveCfg = Debug|Win32
		{07DE73D5-62A1-4581-A4E2-5945CFFD66A7}.Debug|x86.Build.0 = Debug|Win32
		{07DE73D5-62A1-4581-A4E2-5945CFFD66A7}.Release|x86.ActiveCfg = Release|Win32
		{07DE73D5-62A1-4581-A4E2-5945CFFD66A7}.ReleaseWithLog|x86.ActiveCfg = Release|Win32
	EndGlobalSection
	GlobalSection(SolutionProperties) = preSolution
		HideSolutionNode = FALSE
	EndGlobalSection
	GlobalSection(ExtensibilityGlobals) = postSolution
		SolutionGuid = {C03EBE07-6F8F-4A0F-948E-D3DBB7B6A3F6}
	EndGlobalSection
EndGlobal
