<?xml version="1.0" encoding="utf-8"?>
<Project ToolsVersion="4.0" xmlns="http://schemas.microsoft.com/developer/msbuild/2003">
  <ItemGroup>
    <Filter Include="Source Files">
      <UniqueIdentifier>{85820a4f-2e04-401a-afd8-5b2548a0818c}</UniqueIdentifier>
      <Extensions>cpp;c;cxx;rc;def;r;odl;hpj;bat;for;f90</Extensions>
    </Filter>
    <Filter Include="Header Files">
      <UniqueIdentifier>{0dbb5a74-73b6-4cfb-a32f-f0284e456b50}</UniqueIdentifier>
      <Extensions>h;hpp;hxx;hm;inl;fi;fd</Extensions>
    </Filter>
    <Filter Include="Resource Files">
      <UniqueIdentifier>{edfb3292-348a-414d-a0d4-c7f847675877}</UniqueIdentifier>
      <Extensions>ico;cur;bmp;dlg;rc2;rct;bin;cnt;rtf;gif;jpg;jpeg;jpe</Extensions>
    </Filter>
    <Filter Include="Source Files\Xtra">
      <UniqueIdentifier>{4b3fb363-23e9-4bdc-90e6-0e32c3f8b82a}</UniqueIdentifier>
    </Filter>
    <Filter Include="Header Files\Xtra">
      <UniqueIdentifier>{b507766f-e00d-4a9e-b7a3-209f5aa7eb39}</UniqueIdentifier>
    </Filter>
  </ItemGroup>
  <ItemGroup>
    <ClCompile Include="Xtra\Cregster.cpp">
      <Filter>Source Files\Xtra</Filter>
    </ClCompile>
    <ClCompile Include="Xtra\Cscript.cpp">
      <Filter>Source Files\Xtra</Filter>
    </ClCompile>
    <ClCompile Include="Xtra\Xtra.cpp">
      <Filter>Source Files\Xtra</Filter>
    </ClCompile>
    <ClCompile Include="log.cpp">
      <Filter>Source Files</Filter>
    </ClCompile>
    <ClCompile Include="hazel.cpp">
      <Filter>Source Files</Filter>
    </ClCompile>
  </ItemGroup>
  <ItemGroup>
    <ClInclude Include="Xtra\cregster.h">
      <Filter>Header Files\Xtra</Filter>
    </ClInclude>
    <ClInclude Include="Xtra\cscript.h">
      <Filter>Header Files\Xtra</Filter>
    </ClInclude>
    <ClInclude Include="log.h">
      <Filter>Header Files</Filter>
    </ClInclude>
    <ClInclude Include="Xtra\XDK\Include\win32\resource.h">
      <Filter>Header Files</Filter>
    </ClInclude>
    <ClInclude Include="hazel.h">
      <Filter>Header Files</Filter>
    </ClInclude>
  </ItemGroup>
  <ItemGroup>
    <None Include="walnut.def">
      <Filter>Source Files\Xtra</Filter>
    </None>
  </ItemGroup>
  <ItemGroup>
    <ResourceCompile Include="Xtra\XDK\Include\win32\dversion.rc">
      <Filter>Resource Files</Filter>
    </ResourceCompile>
  </ItemGroup>
</Project>